
Microsoft Visual Studio Solution File, Format Version 12.00
# Visual Studio 15
VisualStudioVersion = 15.0.28307.779
MinimumVisualStudioVersion = 10.0.40219.1
Project("{FAE04EC0-301F-11D3-BF4B-00C04F79EFBC}") = "Interface", "Interface.csproj", "{0522A138-BC1F-4F49-AC63-367355AD6676}"
EndProject
Project("{FAE04EC0-301F-11D3-BF4B-00C04F79EFBC}") = "Moteur", "Moteur\Moteur.csproj", "{200712B3-C6C1-4001-A4EA-F24C58720D58}"
EndProject
Project("{FAE04EC0-301F-11D3-BF4B-00C04F79EFBC}") = "Tests", "Tests\Tests.csproj", "{3E5FDFF3-E767-4ABC-A4C2-C849F6B1FA23}"
EndProject
Global
	GlobalSection(SolutionConfigurationPlatforms) = preSolution
		Debug|Any CPU = Debug|Any CPU
		Release|Any CPU = Release|Any CPU
	EndGlobalSection
	GlobalSection(ProjectConfigurationPlatforms) = postSolution
		{0522A138-BC1F-4F49-AC63-367355AD6676}.Debug|Any CPU.ActiveCfg = Debug|Any CPU
		{0522A138-BC1F-4F49-AC63-367355AD6676}.Debug|Any CPU.Build.0 = Debug|Any CPU
		{0522A138-BC1F-4F49-AC63-367355AD6676}.Release|Any CPU.ActiveCfg = Release|Any CPU
		{0522A138-BC1F-4F49-AC63-367355AD6676}.Release|Any CPU.Build.0 = Release|Any CPU
		{200712B3-C6C1-4001-A4EA-F24C58720D58}.Debug|Any CPU.ActiveCfg = Debug|Any CPU
		{200712B3-C6C1-4001-A4EA-F24C58720D58}.Debug|Any CPU.Build.0 = Debug|Any CPU
		{200712B3-C6C1-4001-A4EA-F24C58720D58}.Release|Any CPU.ActiveCfg = Release|Any CPU
		{200712B3-C6C1-4001-A4EA-F24C58720D58}.Release|Any CPU.Build.0 = Release|Any CPU
		{3E5FDFF3-E767-4ABC-A4C2-C849F6B1FA23}.Debug|Any CPU.ActiveCfg = Debug|Any CPU
		{3E5FDFF3-E767-4ABC-A4C2-C849F6B1FA23}.Debug|Any CPU.Build.0 = Debug|Any CPU
		{3E5FDFF3-E767-4ABC-A4C2-C849F6B1FA23}.Release|Any CPU.ActiveCfg = Release|Any CPU
		{3E5FDFF3-E767-4ABC-A4C2-C849F6B1FA23}.Release|Any CPU.Build.0 = Release|Any CPU
	EndGlobalSection
	GlobalSection(SolutionProperties) = preSolution
		HideSolutionNode = FALSE
	EndGlobalSection
	GlobalSection(ExtensibilityGlobals) = postSolution
		SolutionGuid = {2EC83A41-5F9A-41ED-AAF9-84CA924F70C0}
	EndGlobalSection
EndGlobal
